// !$*UTF8*$!
{
	archiveVersion = 1;
	classes = {
	};
	objectVersion = 50;
	objects = {

/* Begin PBXBuildFile section */
		60986228248E117F00E2561C /* OpeningGoalsPageTableViewController.swift in Sources */ = {isa = PBXBuildFile; fileRef = 60986227248E117F00E2561C /* OpeningGoalsPageTableViewController.swift */; };
		6098622B248E124600E2561C /* GoalsTableViewCell.swift in Sources */ = {isa = PBXBuildFile; fileRef = 6098622A248E124600E2561C /* GoalsTableViewCell.swift */; };
		609FAB762485568100C2B197 /* AppDelegate.swift in Sources */ = {isa = PBXBuildFile; fileRef = 609FAB752485568100C2B197 /* AppDelegate.swift */; };
		609FAB782485568100C2B197 /* SceneDelegate.swift in Sources */ = {isa = PBXBuildFile; fileRef = 609FAB772485568100C2B197 /* SceneDelegate.swift */; };
		609FAB7D2485568100C2B197 /* Main.storyboard in Resources */ = {isa = PBXBuildFile; fileRef = 609FAB7B2485568100C2B197 /* Main.storyboard */; };
		609FAB7F2485568400C2B197 /* Assets.xcassets in Resources */ = {isa = PBXBuildFile; fileRef = 609FAB7E2485568400C2B197 /* Assets.xcassets */; };
		609FAB822485568400C2B197 /* LaunchScreen.storyboard in Resources */ = {isa = PBXBuildFile; fileRef = 609FAB802485568400C2B197 /* LaunchScreen.storyboard */; };
/* End PBXBuildFile section */

/* Begin PBXFileReference section */
		60986227248E117F00E2561C /* OpeningGoalsPageTableViewController.swift */ = {isa = PBXFileReference; lastKnownFileType = sourcecode.swift; path = OpeningGoalsPageTableViewController.swift; sourceTree = "<group>"; };
		6098622A248E124600E2561C /* GoalsTableViewCell.swift */ = {isa = PBXFileReference; lastKnownFileType = sourcecode.swift; path = GoalsTableViewCell.swift; sourceTree = "<group>"; };
		609FAB722485568100C2B197 /* AimHigh.app */ = {isa = PBXFileReference; explicitFileType = wrapper.application; includeInIndex = 0; path = AimHigh.app; sourceTree = BUILT_PRODUCTS_DIR; };
		609FAB752485568100C2B197 /* AppDelegate.swift */ = {isa = PBXFileReference; lastKnownFileType = sourcecode.swift; path = AppDelegate.swift; sourceTree = "<group>"; };
		609FAB772485568100C2B197 /* SceneDelegate.swift */ = {isa = PBXFileReference; lastKnownFileType = sourcecode.swift; path = SceneDelegate.swift; sourceTree = "<group>"; };
		609FAB7C2485568100C2B197 /* Base */ = {isa = PBXFileReference; lastKnownFileType = file.storyboard; name = Base; path = Base.lproj/Main.storyboard; sourceTree = "<group>"; };
		609FAB7E2485568400C2B197 /* Assets.xcassets */ = {isa = PBXFileReference; lastKnownFileType = folder.assetcatalog; path = Assets.xcassets; sourceTree = "<group>"; };
		609FAB812485568400C2B197 /* Base */ = {isa = PBXFileReference; lastKnownFileType = file.storyboard; name = Base; path = Base.lproj/LaunchScreen.storyboard; sourceTree = "<group>"; };
		609FAB832485568400C2B197 /* Info.plist */ = {isa = PBXFileReference; lastKnownFileType = text.plist.xml; path = Info.plist; sourceTree = "<group>"; };
/* End PBXFileReference section */

/* Begin PBXFrameworksBuildPhase section */
		609FAB6F2485568100C2B197 /* Frameworks */ = {
			isa = PBXFrameworksBuildPhase;
			buildActionMask = 2147483647;
			files = (
			);
			runOnlyForDeploymentPostprocessing = 0;
		};
/* End PBXFrameworksBuildPhase section */

/* Begin PBXGroup section */
		60986229248E119B00E2561C /* Views */ = {
			isa = PBXGroup;
			children = (
				60986227248E117F00E2561C /* OpeningGoalsPageTableViewController.swift */,
				6098622A248E124600E2561C /* GoalsTableViewCell.swift */,
			);
			path = Views;
			sourceTree = "<group>";
		};
		609FAB692485568100C2B197 = {
			isa = PBXGroup;
			children = (
				609FAB742485568100C2B197 /* AimHigh */,
				609FAB732485568100C2B197 /* Products */,
			);
			sourceTree = "<group>";
		};
		609FAB732485568100C2B197 /* Products */ = {
			isa = PBXGroup;
			children = (
				609FAB722485568100C2B197 /* AimHigh.app */,
			);
			name = Products;
			sourceTree = "<group>";
		};
		609FAB742485568100C2B197 /* AimHigh */ = {
			isa = PBXGroup;
			children = (
				609FAB752485568100C2B197 /* AppDelegate.swift */,
				60986229248E119B00E2561C /* Views */,
				609FAB772485568100C2B197 /* SceneDelegate.swift */,
				609FAB7B2485568100C2B197 /* Main.storyboard */,
				609FAB7E2485568400C2B197 /* Assets.xcassets */,
				609FAB802485568400C2B197 /* LaunchScreen.storyboard */,
				609FAB832485568400C2B197 /* Info.plist */,
			);
			path = AimHigh;
			sourceTree = "<group>";
		};
/* End PBXGroup section */

/* Begin PBXNativeTarget section */
		609FAB712485568100C2B197 /* AimHigh */ = {
			isa = PBXNativeTarget;
			buildConfigurationList = 609FAB862485568400C2B197 /* Build configuration list for PBXNativeTarget "AimHigh" */;
			buildPhases = (
				609FAB6E2485568100C2B197 /* Sources */,
				609FAB6F2485568100C2B197 /* Frameworks */,
				609FAB702485568100C2B197 /* Resources */,
			);
			buildRules = (
			);
			dependencies = (
			);
			name = AimHigh;
			productName = AimHigh;
			productReference = 609FAB722485568100C2B197 /* AimHigh.app */;
			productType = "com.apple.product-type.application";
		};
/* End PBXNativeTarget section */

/* Begin PBXProject section */
		609FAB6A2485568100C2B197 /* Project object */ = {
			isa = PBXProject;
			attributes = {
				LastSwiftUpdateCheck = 1130;
				LastUpgradeCheck = 1130;
				ORGANIZATIONNAME = "Jordy Vazquez";
				TargetAttributes = {
					609FAB712485568100C2B197 = {
						CreatedOnToolsVersion = 11.3.1;
					};
				};
			};
			buildConfigurationList = 609FAB6D2485568100C2B197 /* Build configuration list for PBXProject "AimHigh" */;
			compatibilityVersion = "Xcode 9.3";
			developmentRegion = en;
			hasScannedForEncodings = 0;
			knownRegions = (
				en,
				Base,
			);
			mainGroup = 609FAB692485568100C2B197;
			productRefGroup = 609FAB732485568100C2B197 /* Products */;
			projectDirPath = "";
			projectRoot = "";
			targets = (
				609FAB712485568100C2B197 /* AimHigh */,
			);
		};
/* End PBXProject section */

/* Begin PBXResourcesBuildPhase section */
		609FAB702485568100C2B197 /* Resources */ = {
			isa = PBXResourcesBuildPhase;
			buildActionMask = 2147483647;
			files = (
				609FAB822485568400C2B197 /* LaunchScreen.storyboard in Resources */,
				609FAB7F2485568400C2B197 /* Assets.xcassets in Resources */,
				609FAB7D2485568100C2B197 /* Main.storyboard in Resources */,
			);
			runOnlyForDeploymentPostprocessing = 0;
		};
/* End PBXResourcesBuildPhase section */

/* Begin PBXSourcesBuildPhase section */
		609FAB6E2485568100C2B197 /* Sources */ = {
			isa = PBXSourcesBuildPhase;
			buildActionMask = 2147483647;
			files = (
				6098622B248E124600E2561C /* GoalsTableViewCell.swift in Sources */,
				609FAB762485568100C2B197 /* AppDelegate.swift in Sources */,
				60986228248E117F00E2561C /* OpeningGoalsPageTableViewController.swift in Sources */,
				609FAB782485568100C2B197 /* SceneDelegate.swift in Sources */,
			);
			runOnlyForDeploymentPostprocessing = 0;
		};
/* End PBXSourcesBuildPhase section */

/* Begin PBXVariantGroup section */
		609FAB7B2485568100C2B197 /* Main.storyboard */ = {
			isa = PBXVariantGroup;
			children = (
				609FAB7C2485568100C2B197 /* Base */,
			);
			name = Main.storyboard;
			sourceTree = "<group>";
		};
		609FAB802485568400C2B197 /* LaunchScreen.storyboard */ = {
			isa = PBXVariantGroup;
			children = (
				609FAB812485568400C2B197 /* Base */,
			);
			name = LaunchScreen.storyboard;
			sourceTree = "<group>";
		};
/* End PBXVariantGroup section */

/* Begin XCBuildConfiguration section */
		609FAB842485568400C2B197 /* Debug */ = {
			isa = XCBuildConfiguration;
			buildSettings = {
				ALWAYS_SEARCH_USER_PATHS = NO;
				CLANG_ANALYZER_NONNULL = YES;
				CLANG_ANALYZER_NUMBER_OBJECT_CONVERSION = YES_AGGRESSIVE;
				CLANG_CXX_LANGUAGE_STANDARD = "gnu++14";
				CLANG_CXX_LIBRARY = "libc++";
				CLANG_ENABLE_MODULES = YES;
				CLANG_ENABLE_OBJC_ARC = YES;
				CLANG_ENABLE_OBJC_WEAK = YES;
				CLANG_WARN_BLOCK_CAPTURE_AUTORELEASING = YES;
				CLANG_WARN_BOOL_CONVERSION = YES;
				CLANG_WARN_COMMA = YES;
				CLANG_WARN_CONSTANT_CONVERSION = YES;
				CLANG_WARN_DEPRECATED_OBJC_IMPLEMENTATIONS = YES;
				CLANG_WARN_DIRECT_OBJC_ISA_USAGE = YES_ERROR;
				CLANG_WARN_DOCUMENTATION_COMMENTS = YES;
				CLANG_WARN_EMPTY_BODY = YES;
				CLANG_WARN_ENUM_CONVERSION = YES;
				CLANG_WARN_INFINITE_RECURSION = YES;
				CLANG_WARN_INT_CONVERSION = YES;
				CLANG_WARN_NON_LITERAL_NULL_CONVERSION = YES;
				CLANG_WARN_OBJC_IMPLICIT_RETAIN_SELF = YES;
				CLANG_WARN_OBJC_LITERAL_CONVERSION = YES;
				CLANG_WARN_OBJC_ROOT_CLASS = YES_ERROR;
				CLANG_WARN_RANGE_LOOP_ANALYSIS = YES;
				CLANG_WARN_STRICT_PROTOTYPES = YES;
				CLANG_WARN_SUSPICIOUS_MOVE = YES;
				CLANG_WARN_UNGUARDED_AVAILABILITY = YES_AGGRESSIVE;
				CLANG_WARN_UNREACHABLE_CODE = YES;
				CLANG_WARN__DUPLICATE_METHOD_MATCH = YES;
				COPY_PHASE_STRIP = NO;
				DEBUG_INFORMATION_FORMAT = dwarf;
				ENABLE_STRICT_OBJC_MSGSEND = YES;
				ENABLE_TESTABILITY = YES;
				GCC_C_LANGUAGE_STANDARD = gnu11;
				GCC_DYNAMIC_NO_PIC = NO;
				GCC_NO_COMMON_BLOCKS = YES;
				GCC_OPTIMIZATION_LEVEL = 0;
				GCC_PREPROCESSOR_DEFINITIONS = (
					"DEBUG=1",
					"$(inherited)",
				);
				GCC_WARN_64_TO_32_BIT_CONVERSION = YES;
				GCC_WARN_ABOUT_RETURN_TYPE = YES_ERROR;
				GCC_WARN_UNDECLARED_SELECTOR = YES;
				GCC_WARN_UNINITIALIZED_AUTOS = YES_AGGRESSIVE;
				GCC_WARN_UNUSED_FUNCTION = YES;
				GCC_WARN_UNUSED_VARIABLE = YES;
				IPHONEOS_DEPLOYMENT_TARGET = 13.2;
				MTL_ENABLE_DEBUG_INFO = INCLUDE_SOURCE;
				MTL_FAST_MATH = YES;
				ONLY_ACTIVE_ARCH = YES;
				SDKROOT = iphoneos;
				SWIFT_ACTIVE_COMPILATION_CONDITIONS = DEBUG;
				SWIFT_OPTIMIZATION_LEVEL = "-Onone";
			};
			name = Debug;
		};
		609FAB852485568400C2B197 /* Release */ = {
			isa = XCBuildConfiguration;
			buildSettings = {
				ALWAYS_SEARCH_USER_PATHS = NO;
				CLANG_ANALYZER_NONNULL = YES;
				CLANG_ANALYZER_NUMBER_OBJECT_CONVERSION = YES_AGGRESSIVE;
				CLANG_CXX_LANGUAGE_STANDARD = "gnu++14";
				CLANG_CXX_LIBRARY = "libc++";
				CLANG_ENABLE_MODULES = YES;
				CLANG_ENABLE_OBJC_ARC = YES;
				CLANG_ENABLE_OBJC_WEAK = YES;
				CLANG_WARN_BLOCK_CAPTURE_AUTORELEASING = YES;
				CLANG_WARN_BOOL_CONVERSION = YES;
				CLANG_WARN_COMMA = YES;
				CLANG_WARN_CONSTANT_CONVERSION = YES;
				CLANG_WARN_DEPRECATED_OBJC_IMPLEMENTATIONS = YES;
				CLANG_WARN_DIRECT_OBJC_ISA_USAGE = YES_ERROR;
				CLANG_WARN_DOCUMENTATION_COMMENTS = YES;
				CLANG_WARN_EMPTY_BODY = YES;
				CLANG_WARN_ENUM_CONVERSION = YES;
				CLANG_WARN_INFINITE_RECURSION = YES;
				CLANG_WARN_INT_CONVERSION = YES;
				CLANG_WARN_NON_LITERAL_NULL_CONVERSION = YES;
				CLANG_WARN_OBJC_IMPLICIT_RETAIN_SELF = YES;
				CLANG_WARN_OBJC_LITERAL_CONVERSION = YES;
				CLANG_WARN_OBJC_ROOT_CLASS = YES_ERROR;
				CLANG_WARN_RANGE_LOOP_ANALYSIS = YES;
				CLANG_WARN_STRICT_PROTOTYPES = YES;
				CLANG_WARN_SUSPICIOUS_MOVE = YES;
				CLANG_WARN_UNGUARDED_AVAILABILITY = YES_AGGRESSIVE;
				CLANG_WARN_UNREACHABLE_CODE = YES;
				CLANG_WARN__DUPLICATE_METHOD_MATCH = YES;
				COPY_PHASE_STRIP = NO;
				DEBUG_INFORMATION_FORMAT = "dwarf-with-dsym";
				ENABLE_NS_ASSERTIONS = NO;
				ENABLE_STRICT_OBJC_MSGSEND = YES;
				GCC_C_LANGUAGE_STANDARD = gnu11;
				GCC_NO_COMMON_BLOCKS = YES;
				GCC_WARN_64_TO_32_BIT_CONVERSION = YES;
				GCC_WARN_ABOUT_RETURN_TYPE = YES_ERROR;
				GCC_WARN_UNDECLARED_SELECTOR = YES;
				GCC_WARN_UNINITIALIZED_AUTOS = YES_AGGRESSIVE;
				GCC_WARN_UNUSED_FUNCTION = YES;
				GCC_WARN_UNUSED_VARIABLE = YES;
				IPHONEOS_DEPLOYMENT_TARGET = 13.2;
				MTL_ENABLE_DEBUG_INFO = NO;
				MTL_FAST_MATH = YES;
				SDKROOT = iphoneos;
				SWIFT_COMPILATION_MODE = wholemodule;
				SWIFT_OPTIMIZATION_LEVEL = "-O";
				VALIDATE_PRODUCT = YES;
			};
			name = Release;
		};
		609FAB872485568400C2B197 /* Debug */ = {
			isa = XCBuildConfiguration;
			buildSettings = {
				ASSETCATALOG_COMPILER_APPICON_NAME = AppIcon;
				CODE_SIGN_STYLE = Automatic;
				DEVELOPMENT_TEAM = 6LJHHYZRUW;
				INFOPLIST_FILE = AimHigh/Info.plist;
				LD_RUNPATH_SEARCH_PATHS = (
					"$(inherited)",
					"@executable_path/Frameworks",
				);
				PRODUCT_BUNDLE_IDENTIFIER = com.jordy.AimHigh;
				PRODUCT_NAME = "$(TARGET_NAME)";
				SWIFT_VERSION = 5.0;
				TARGETED_DEVICE_FAMILY = "1,2";
			};
			name = Debug;
		};
		609FAB882485568400C2B197 /* Release */ = {
			isa = XCBuildConfiguration;
			buildSettings = {
				ASSETCATALOG_COMPILER_APPICON_NAME = AppIcon;
				CODE_SIGN_STYLE = Automatic;
				DEVELOPMENT_TEAM = 6LJHHYZRUW;
				INFOPLIST_FILE = AimHigh/Info.plist;
				LD_RUNPATH_SEARCH_PATHS = (
					"$(inherited)",
					"@executable_path/Frameworks",
				);
				PRODUCT_BUNDLE_IDENTIFIER = com.jordy.AimHigh;
				PRODUCT_NAME = "$(TARGET_NAME)";
				SWIFT_VERSION = 5.0;
				TARGETED_DEVICE_FAMILY = "1,2";
			};
			name = Release;
		};
/* End XCBuildConfiguration section */

/* Begin XCConfigurationList section */
		609FAB6D2485568100C2B197 /* Build configuration list for PBXProject "AimHigh" */ = {
			isa = XCConfigurationList;
			buildConfigurations = (
				609FAB842485568400C2B197 /* Debug */,
				609FAB852485568400C2B197 /* Release */,
			);
			defaultConfigurationIsVisible = 0;
			defaultConfigurationName = Release;
		};
		609FAB862485568400C2B197 /* Build configuration list for PBXNativeTarget "AimHigh" */ = {
			isa = XCConfigurationList;
			buildConfigurations = (
				609FAB872485568400C2B197 /* Debug */,
				609FAB882485568400C2B197 /* Release */,
			);
			defaultConfigurationIsVisible = 0;
			defaultConfigurationName = Release;
		};
/* End XCConfigurationList section */
	};
	rootObject = 609FAB6A2485568100C2B197 /* Project object */;
}
